
Microsoft Visual Studio Solution File, Format Version 12.00
# Visual Studio 15
VisualStudioVersion = 15.0.27703.2018
MinimumVisualStudioVersion = 10.0.40219.1
Project("{FAE04EC0-301F-11D3-BF4B-00C04F79EFBC}") = "DatabaseLogViewer", "DatabaseLogViewer\DatabaseLogViewer.csproj", "{F70D9305-2E86-4F50-BCFE-005CCC8BBB0A}"
EndProject
Global
	GlobalSection(SolutionConfigurationPlatforms) = preSolution
		Debug|Any CPU = Debug|Any CPU
		Release|Any CPU = Release|Any CPU
	EndGlobalSection
	GlobalSection(ProjectConfigurationPlatforms) = postSolution
		{F70D9305-2E86-4F50-BCFE-005CCC8BBB0A}.Debug|Any CPU.ActiveCfg = Debug|Any CPU
		{F70D9305-2E86-4F50-BCFE-005CCC8BBB0A}.Debug|Any CPU.Build.0 = Debug|Any CPU
		{F70D9305-2E86-4F50-BCFE-005CCC8BBB0A}.Release|Any CPU.ActiveCfg = Release|Any CPU
		{F70D9305-2E86-4F50-BCFE-005CCC8BBB0A}.Release|Any CPU.Build.0 = Release|Any CPU
	EndGlobalSection
	GlobalSection(SolutionProperties) = preSolution
		HideSolutionNode = FALSE
	EndGlobalSection
	GlobalSection(ExtensibilityGlobals) = postSolution
		SolutionGuid = {FB18D202-82E2-419D-AC9F-340B0805BD72}
	EndGlobalSection
EndGlobal
